
Microsoft Visual Studio Solution File, Format Version 12.00
# Visual Studio Version 16
VisualStudioVersion = 16.0.31005.135
MinimumVisualStudioVersion = 10.0.40219.1
Project("{FAE04EC0-301F-11D3-BF4B-00C04F79EFBC}") = "JsonTransformationPOC", "JsonTransformationPOC\JsonTransformationPOC.csproj", "{44BFA0BE-64EF-4810-A3CE-C30DACF83825}"
EndProject
Global
	GlobalSection(SolutionConfigurationPlatforms) = preSolution
		Debug|Any CPU = Debug|Any CPU
		Release|Any CPU = Release|Any CPU
	EndGlobalSection
	GlobalSection(ProjectConfigurationPlatforms) = postSolution
		{44BFA0BE-64EF-4810-A3CE-C30DACF83825}.Debug|Any CPU.ActiveCfg = Debug|Any CPU
		{44BFA0BE-64EF-4810-A3CE-C30DACF83825}.Debug|Any CPU.Build.0 = Debug|Any CPU
		{44BFA0BE-64EF-4810-A3CE-C30DACF83825}.Release|Any CPU.ActiveCfg = Release|Any CPU
		{44BFA0BE-64EF-4810-A3CE-C30DACF83825}.Release|Any CPU.Build.0 = Release|Any CPU
	EndGlobalSection
	GlobalSection(SolutionProperties) = preSolution
		HideSolutionNode = FALSE
	EndGlobalSection
	GlobalSection(ExtensibilityGlobals) = postSolution
		SolutionGuid = {95F0D01B-37B3-41F9-AF63-A8B88A95F2F2}
	EndGlobalSection
EndGlobal
